{
  "nodes": {
    "flake-parts": {
      "inputs": {
        "nixpkgs-lib": "nixpkgs-lib"
      },
      "locked": {
        "lastModified": 1763759067,
        "narHash": "sha256-LlLt2Jo/gMNYAwOgdRQBrsRoOz7BPRkzvNaI/fzXi2Q=",
        "owner": "hercules-ci",
        "repo": "flake-parts",
        "rev": "2cccadc7357c0ba201788ae99c4dfa90728ef5e0",
        "type": "github"
      },
      "original": {
        "owner": "hercules-ci",
        "repo": "flake-parts",
        "type": "github"
      }
    },
    "libbpf-src": {
      "flake": false,
      "locked": {
        "lastModified": 1743763923,
        "narHash": "sha256-zz/gQbiJXVG4EC6cuF3drDuJU3uO1QCAfDr1M/w573c=",
        "owner": "koonwen",
        "repo": "ocaml-libbpf",
        "rev": "abb370b23832de7eedfd8b6f87e55e64a51dfc7a",
        "type": "github"
      },
      "original": {
        "owner": "koonwen",
        "repo": "ocaml-libbpf",
        "type": "github"
      }
    },
    "nixpkgs": {
      "inputs": {
        "nixpkgs": "nixpkgs_2"
      },
      "locked": {
        "lastModified": 1762899092,
        "narHash": "sha256-Nl6547Q+Hw+RDV7cQnPmP6OTS7kncj9aN2Zx+HTlIeg=",
        "owner": "nix-ocaml",
        "repo": "nix-overlays",
        "rev": "ccbb9339d0c245d3e406516c1da5bbd76568d278",
        "type": "github"
      },
      "original": {
        "owner": "nix-ocaml",
        "repo": "nix-overlays",
        "type": "github"
      }
    },
    "nixpkgs-lib": {
      "locked": {
        "lastModified": 1761765539,
        "narHash": "sha256-b0yj6kfvO8ApcSE+QmA6mUfu8IYG6/uU28OFn4PaC8M=",
        "owner": "nix-community",
        "repo": "nixpkgs.lib",
        "rev": "719359f4562934ae99f5443f20aa06c2ffff91fc",
        "type": "github"
      },
      "original": {
        "owner": "nix-community",
        "repo": "nixpkgs.lib",
        "type": "github"
      }
    },
    "nixpkgs_2": {
      "locked": {
        "lastModified": 1762808364,
        "narHash": "sha256-nwxa9s+cjXZyFuTdFSKP5enPmhLfVOnNLlMhF25Uyf4=",
        "owner": "NixOS",
        "repo": "nixpkgs",
        "rev": "e1ce86c3e40327779390e98edab843d4a1cc9224",
        "type": "github"
      },
      "original": {
        "owner": "NixOS",
        "repo": "nixpkgs",
        "rev": "e1ce86c3e40327779390e98edab843d4a1cc9224",
        "type": "github"
      }
    },
    "root": {
      "inputs": {
        "flake-parts": "flake-parts",
        "libbpf-src": "libbpf-src",
        "nixpkgs": "nixpkgs"
      }
    }
  },
  "root": "root",
  "version": 7
}
